
Microsoft Visual Studio Solution File, Format Version 12.00
# Visual Studio Version 16
VisualStudioVersion = 16.0.29403.142
MinimumVisualStudioVersion = 10.0.40219.1
Project("{8BC9CEB8-8B4A-11D0-8D11-00A0C91BC942}") = "Drawing circles", "Drawing circles.vcxproj", "{A92B3046-1AB7-4917-99E0-80E59AE2D012}"
EndProject
Global
	GlobalSection(SolutionConfigurationPlatforms) = preSolution
		Debug|x64 = Debug|x64
		Debug|x86 = Debug|x86
		Release|x64 = Release|x64
		Release|x86 = Release|x86
	EndGlobalSection
	GlobalSection(ProjectConfigurationPlatforms) = postSolution
		{A92B3046-1AB7-4917-99E0-80E59AE2D012}.Debug|x64.ActiveCfg = Debug|x64
		{A92B3046-1AB7-4917-99E0-80E59AE2D012}.Debug|x64.Build.0 = Debug|x64
		{A92B3046-1AB7-4917-99E0-80E59AE2D012}.Debug|x86.ActiveCfg = Debug|Win32
		{A92B3046-1AB7-4917-99E0-80E59AE2D012}.Debug|x86.Build.0 = Debug|Win32
		{A92B3046-1AB7-4917-99E0-80E59AE2D012}.Release|x64.ActiveCfg = Release|x64
		{A92B3046-1AB7-4917-99E0-80E59AE2D012}.Release|x64.Build.0 = Release|x64
		{A92B3046-1AB7-4917-99E0-80E59AE2D012}.Release|x86.ActiveCfg = Release|Win32
		{A92B3046-1AB7-4917-99E0-80E59AE2D012}.Release|x86.Build.0 = Release|Win32
	EndGlobalSection
	GlobalSection(SolutionProperties) = preSolution
		HideSolutionNode = FALSE
	EndGlobalSection
	GlobalSection(ExtensibilityGlobals) = postSolution
		SolutionGuid = {3A59C1DA-A6C4-4608-B671-25975635B3D0}
	EndGlobalSection
EndGlobal
